// !$*UTF8*$!
{
	archiveVersion = 1;
	classes = {
	};
	objectVersion = 50;
	objects = {

/* Begin PBXBuildFile section */
		A546EC972460CCAD0048E44B /* MainTabbedView.swift in Sources */ = {isa = PBXBuildFile; fileRef = A546EC962460CCAD0048E44B /* MainTabbedView.swift */; };
		A546EC992460CD290048E44B /* TimerView.swift in Sources */ = {isa = PBXBuildFile; fileRef = A546EC982460CD290048E44B /* TimerView.swift */; };
		A546EC9B2460CD390048E44B /* LogListView.swift in Sources */ = {isa = PBXBuildFile; fileRef = A546EC9A2460CD390048E44B /* LogListView.swift */; };
		A546EC9D2460CD5D0048E44B /* UpdateLogListView.swift in Sources */ = {isa = PBXBuildFile; fileRef = A546EC9C2460CD5D0048E44B /* UpdateLogListView.swift */; };
		A546EC9F2460CD6B0048E44B /* HelpCenter.swift in Sources */ = {isa = PBXBuildFile; fileRef = A546EC9E2460CD6B0048E44B /* HelpCenter.swift */; };
		A56A139C24829E7600EFF95E /* ObjectsAndModels.swift in Sources */ = {isa = PBXBuildFile; fileRef = A56A139B24829E7600EFF95E /* ObjectsAndModels.swift */; };
		A56E9C882463565600BE88FD /* DurationPickerView.swift in Sources */ = {isa = PBXBuildFile; fileRef = A56E9C872463565600BE88FD /* DurationPickerView.swift */; };
		A5700B3B2459BAF20074A99A /* AppDelegate.swift in Sources */ = {isa = PBXBuildFile; fileRef = A5700B3A2459BAF20074A99A /* AppDelegate.swift */; };
		A5700B3D2459BAF20074A99A /* SceneDelegate.swift in Sources */ = {isa = PBXBuildFile; fileRef = A5700B3C2459BAF20074A99A /* SceneDelegate.swift */; };
		A5700B412459BAF30074A99A /* Assets.xcassets in Resources */ = {isa = PBXBuildFile; fileRef = A5700B402459BAF30074A99A /* Assets.xcassets */; };
		A5700B442459BAF30074A99A /* Preview Assets.xcassets in Resources */ = {isa = PBXBuildFile; fileRef = A5700B432459BAF30074A99A /* Preview Assets.xcassets */; };
		A5700B472459BAF30074A99A /* LaunchScreen.storyboard in Resources */ = {isa = PBXBuildFile; fileRef = A5700B452459BAF30074A99A /* LaunchScreen.storyboard */; };
		A58296BC24661806008443E0 /* MainButton.swift in Sources */ = {isa = PBXBuildFile; fileRef = A58296BB24661806008443E0 /* MainButton.swift */; };
		A58296C3246618FD008443E0 /* NavButtons.swift in Sources */ = {isa = PBXBuildFile; fileRef = A58296C2246618FD008443E0 /* NavButtons.swift */; };
		A5A076ED2470B8D100F5B777 /* BlurView.swift in Sources */ = {isa = PBXBuildFile; fileRef = A5A076EC2470B8D100F5B777 /* BlurView.swift */; };
		A5A8D754246A3B3A000F3AB6 /* ImagePicker.swift in Sources */ = {isa = PBXBuildFile; fileRef = A5A8D753246A3B3A000F3AB6 /* ImagePicker.swift */; };
		A5C557CA2465CE780002D442 /* Insights.swift in Sources */ = {isa = PBXBuildFile; fileRef = A5C557C92465CE780002D442 /* Insights.swift */; };
		A5DCC595246197530076CE9B /* AccountView.swift in Sources */ = {isa = PBXBuildFile; fileRef = A5DCC594246197530076CE9B /* AccountView.swift */; };
		A5DF46C3245CFA0E00D42229 /* impact.ttf in Resources */ = {isa = PBXBuildFile; fileRef = A5DF46C2245CFA0E00D42229 /* impact.ttf */; };
		A5E28F8E248F2E9C004DBA05 /* StopWatch.swift in Sources */ = {isa = PBXBuildFile; fileRef = A5E28F8D248F2E9C004DBA05 /* StopWatch.swift */; };
/* End PBXBuildFile section */

/* Begin PBXFileReference section */
		A546EC962460CCAD0048E44B /* MainTabbedView.swift */ = {isa = PBXFileReference; lastKnownFileType = sourcecode.swift; path = MainTabbedView.swift; sourceTree = "<group>"; };
		A546EC982460CD290048E44B /* TimerView.swift */ = {isa = PBXFileReference; lastKnownFileType = sourcecode.swift; path = TimerView.swift; sourceTree = "<group>"; };
		A546EC9A2460CD390048E44B /* LogListView.swift */ = {isa = PBXFileReference; lastKnownFileType = sourcecode.swift; path = LogListView.swift; sourceTree = "<group>"; };
		A546EC9C2460CD5D0048E44B /* UpdateLogListView.swift */ = {isa = PBXFileReference; lastKnownFileType = sourcecode.swift; path = UpdateLogListView.swift; sourceTree = "<group>"; };
		A546EC9E2460CD6B0048E44B /* HelpCenter.swift */ = {isa = PBXFileReference; lastKnownFileType = sourcecode.swift; path = HelpCenter.swift; sourceTree = "<group>"; };
		A56A139B24829E7600EFF95E /* ObjectsAndModels.swift */ = {isa = PBXFileReference; lastKnownFileType = sourcecode.swift; path = ObjectsAndModels.swift; sourceTree = "<group>"; };
		A56E9C872463565600BE88FD /* DurationPickerView.swift */ = {isa = PBXFileReference; lastKnownFileType = sourcecode.swift; path = DurationPickerView.swift; sourceTree = "<group>"; };
		A5700B372459BAF20074A99A /* Ten Thousand.app */ = {isa = PBXFileReference; explicitFileType = wrapper.application; includeInIndex = 0; path = "Ten Thousand.app"; sourceTree = BUILT_PRODUCTS_DIR; };
		A5700B3A2459BAF20074A99A /* AppDelegate.swift */ = {isa = PBXFileReference; lastKnownFileType = sourcecode.swift; path = AppDelegate.swift; sourceTree = "<group>"; };
		A5700B3C2459BAF20074A99A /* SceneDelegate.swift */ = {isa = PBXFileReference; lastKnownFileType = sourcecode.swift; path = SceneDelegate.swift; sourceTree = "<group>"; };
		A5700B402459BAF30074A99A /* Assets.xcassets */ = {isa = PBXFileReference; lastKnownFileType = folder.assetcatalog; path = Assets.xcassets; sourceTree = "<group>"; };
		A5700B432459BAF30074A99A /* Preview Assets.xcassets */ = {isa = PBXFileReference; lastKnownFileType = folder.assetcatalog; path = "Preview Assets.xcassets"; sourceTree = "<group>"; };
		A5700B462459BAF30074A99A /* Base */ = {isa = PBXFileReference; lastKnownFileType = file.storyboard; name = Base; path = Base.lproj/LaunchScreen.storyboard; sourceTree = "<group>"; };
		A5700B482459BAF30074A99A /* Info.plist */ = {isa = PBXFileReference; lastKnownFileType = text.plist.xml; path = Info.plist; sourceTree = "<group>"; };
		A58296BB24661806008443E0 /* MainButton.swift */ = {isa = PBXFileReference; lastKnownFileType = sourcecode.swift; path = MainButton.swift; sourceTree = "<group>"; };
		A58296C2246618FD008443E0 /* NavButtons.swift */ = {isa = PBXFileReference; lastKnownFileType = sourcecode.swift; path = NavButtons.swift; sourceTree = "<group>"; };
		A5A076EC2470B8D100F5B777 /* BlurView.swift */ = {isa = PBXFileReference; lastKnownFileType = sourcecode.swift; path = BlurView.swift; sourceTree = "<group>"; };
		A5A8D753246A3B3A000F3AB6 /* ImagePicker.swift */ = {isa = PBXFileReference; lastKnownFileType = sourcecode.swift; path = ImagePicker.swift; sourceTree = "<group>"; };
		A5C557C92465CE780002D442 /* Insights.swift */ = {isa = PBXFileReference; lastKnownFileType = sourcecode.swift; path = Insights.swift; sourceTree = "<group>"; };
		A5DCC594246197530076CE9B /* AccountView.swift */ = {isa = PBXFileReference; lastKnownFileType = sourcecode.swift; path = AccountView.swift; sourceTree = "<group>"; };
		A5DF46C2245CFA0E00D42229 /* impact.ttf */ = {isa = PBXFileReference; lastKnownFileType = file; path = impact.ttf; sourceTree = "<group>"; };
		A5E28F8D248F2E9C004DBA05 /* StopWatch.swift */ = {isa = PBXFileReference; lastKnownFileType = sourcecode.swift; path = StopWatch.swift; sourceTree = "<group>"; };
/* End PBXFileReference section */

/* Begin PBXFrameworksBuildPhase section */
		A5700B342459BAF20074A99A /* Frameworks */ = {
			isa = PBXFrameworksBuildPhase;
			buildActionMask = 2147483647;
			files = (
			);
			runOnlyForDeploymentPostprocessing = 0;
		};
/* End PBXFrameworksBuildPhase section */

/* Begin PBXGroup section */
		A51AE2CE245E2D370081C891 /* Supporting Files */ = {
			isa = PBXGroup;
			children = (
				A5700B482459BAF30074A99A /* Info.plist */,
				A5700B452459BAF30074A99A /* LaunchScreen.storyboard */,
				A5700B3A2459BAF20074A99A /* AppDelegate.swift */,
				A5700B3C2459BAF20074A99A /* SceneDelegate.swift */,
				A5700B402459BAF30074A99A /* Assets.xcassets */,
			);
			path = "Supporting Files";
			sourceTree = "<group>";
		};
		A56A139A24829E4B00EFF95E /* Objects and Models */ = {
			isa = PBXGroup;
			children = (
				A56A139B24829E7600EFF95E /* ObjectsAndModels.swift */,
			);
			path = "Objects and Models";
			sourceTree = "<group>";
		};
		A56E9C8B2463581100BE88FD /* UIViewRepresentables */ = {
			isa = PBXGroup;
			children = (
				A5A8D753246A3B3A000F3AB6 /* ImagePicker.swift */,
				A56E9C872463565600BE88FD /* DurationPickerView.swift */,
			);
			path = UIViewRepresentables;
			sourceTree = "<group>";
		};
		A5700B2E2459BAF20074A99A = {
			isa = PBXGroup;
			children = (
				A5700B392459BAF20074A99A /* Ten Thousand */,
				A5700B382459BAF20074A99A /* Products */,
			);
			sourceTree = "<group>";
		};
		A5700B382459BAF20074A99A /* Products */ = {
			isa = PBXGroup;
			children = (
				A5700B372459BAF20074A99A /* Ten Thousand.app */,
			);
			name = Products;
			sourceTree = "<group>";
		};
		A5700B392459BAF20074A99A /* Ten Thousand */ = {
			isa = PBXGroup;
			children = (
				A546EC962460CCAD0048E44B /* MainTabbedView.swift */,
				A546EC982460CD290048E44B /* TimerView.swift */,
				A5E28F8D248F2E9C004DBA05 /* StopWatch.swift */,
				A546EC9A2460CD390048E44B /* LogListView.swift */,
				A546EC9C2460CD5D0048E44B /* UpdateLogListView.swift */,
				A5DCC594246197530076CE9B /* AccountView.swift */,
				A546EC9E2460CD6B0048E44B /* HelpCenter.swift */,
				A5C557C92465CE780002D442 /* Insights.swift */,
				A58296BD24661814008443E0 /* Modifiers */,
				A56E9C8B2463581100BE88FD /* UIViewRepresentables */,
				A56A139A24829E4B00EFF95E /* Objects and Models */,
				A51AE2CE245E2D370081C891 /* Supporting Files */,
				A5DF46C1245CF9EF00D42229 /* Fonts */,
				A5700B422459BAF30074A99A /* Preview Content */,
			);
			path = "Ten Thousand";
			sourceTree = "<group>";
		};
		A5700B422459BAF30074A99A /* Preview Content */ = {
			isa = PBXGroup;
			children = (
				A5700B432459BAF30074A99A /* Preview Assets.xcassets */,
			);
			path = "Preview Content";
			sourceTree = "<group>";
		};
		A58296BD24661814008443E0 /* Modifiers */ = {
			isa = PBXGroup;
			children = (
				A58296BB24661806008443E0 /* MainButton.swift */,
				A58296C2246618FD008443E0 /* NavButtons.swift */,
				A5A076EC2470B8D100F5B777 /* BlurView.swift */,
			);
			path = Modifiers;
			sourceTree = "<group>";
		};
		A5DF46C1245CF9EF00D42229 /* Fonts */ = {
			isa = PBXGroup;
			children = (
				A5DF46C2245CFA0E00D42229 /* impact.ttf */,
			);
			path = Fonts;
			sourceTree = "<group>";
		};
/* End PBXGroup section */

/* Begin PBXNativeTarget section */
		A5700B362459BAF20074A99A /* Ten Thousand */ = {
			isa = PBXNativeTarget;
			buildConfigurationList = A5700B4B2459BAF30074A99A /* Build configuration list for PBXNativeTarget "Ten Thousand" */;
			buildPhases = (
				A5700B332459BAF20074A99A /* Sources */,
				A5700B342459BAF20074A99A /* Frameworks */,
				A5700B352459BAF20074A99A /* Resources */,
			);
			buildRules = (
			);
			dependencies = (
			);
			name = "Ten Thousand";
			productName = "Ten Thousand";
			productReference = A5700B372459BAF20074A99A /* Ten Thousand.app */;
			productType = "com.apple.product-type.application";
		};
/* End PBXNativeTarget section */

/* Begin PBXProject section */
		A5700B2F2459BAF20074A99A /* Project object */ = {
			isa = PBXProject;
			attributes = {
				LastSwiftUpdateCheck = 1140;
				LastUpgradeCheck = 1140;
				ORGANIZATIONNAME = "Mikael Weiss";
				TargetAttributes = {
					A5700B362459BAF20074A99A = {
						CreatedOnToolsVersion = 11.4.1;
					};
				};
			};
			buildConfigurationList = A5700B322459BAF20074A99A /* Build configuration list for PBXProject "Ten Thousand" */;
			compatibilityVersion = "Xcode 9.3";
			developmentRegion = en;
			hasScannedForEncodings = 0;
			knownRegions = (
				en,
				Base,
			);
			mainGroup = A5700B2E2459BAF20074A99A;
			productRefGroup = A5700B382459BAF20074A99A /* Products */;
			projectDirPath = "";
			projectRoot = "";
			targets = (
				A5700B362459BAF20074A99A /* Ten Thousand */,
			);
		};
/* End PBXProject section */

/* Begin PBXResourcesBuildPhase section */
		A5700B352459BAF20074A99A /* Resources */ = {
			isa = PBXResourcesBuildPhase;
			buildActionMask = 2147483647;
			files = (
				A5DF46C3245CFA0E00D42229 /* impact.ttf in Resources */,
				A5700B472459BAF30074A99A /* LaunchScreen.storyboard in Resources */,
				A5700B442459BAF30074A99A /* Preview Assets.xcassets in Resources */,
				A5700B412459BAF30074A99A /* Assets.xcassets in Resources */,
			);
			runOnlyForDeploymentPostprocessing = 0;
		};
/* End PBXResourcesBuildPhase section */

/* Begin PBXSourcesBuildPhase section */
		A5700B332459BAF20074A99A /* Sources */ = {
			isa = PBXSourcesBuildPhase;
			buildActionMask = 2147483647;
			files = (
				A5A8D754246A3B3A000F3AB6 /* ImagePicker.swift in Sources */,
				A546EC9D2460CD5D0048E44B /* UpdateLogListView.swift in Sources */,
				A5A076ED2470B8D100F5B777 /* BlurView.swift in Sources */,
				A5700B3B2459BAF20074A99A /* AppDelegate.swift in Sources */,
				A5700B3D2459BAF20074A99A /* SceneDelegate.swift in Sources */,
				A58296C3246618FD008443E0 /* NavButtons.swift in Sources */,
				A546EC992460CD290048E44B /* TimerView.swift in Sources */,
				A5E28F8E248F2E9C004DBA05 /* StopWatch.swift in Sources */,
				A56E9C882463565600BE88FD /* DurationPickerView.swift in Sources */,
				A5C557CA2465CE780002D442 /* Insights.swift in Sources */,
				A5DCC595246197530076CE9B /* AccountView.swift in Sources */,
				A58296BC24661806008443E0 /* MainButton.swift in Sources */,
				A546EC972460CCAD0048E44B /* MainTabbedView.swift in Sources */,
				A546EC9F2460CD6B0048E44B /* HelpCenter.swift in Sources */,
				A56A139C24829E7600EFF95E /* ObjectsAndModels.swift in Sources */,
				A546EC9B2460CD390048E44B /* LogListView.swift in Sources */,
			);
			runOnlyForDeploymentPostprocessing = 0;
		};
/* End PBXSourcesBuildPhase section */

/* Begin PBXVariantGroup section */
		A5700B452459BAF30074A99A /* LaunchScreen.storyboard */ = {
			isa = PBXVariantGroup;
			children = (
				A5700B462459BAF30074A99A /* Base */,
			);
			name = LaunchScreen.storyboard;
			sourceTree = "<group>";
		};
/* End PBXVariantGroup section */

/* Begin XCBuildConfiguration section */
		A5700B492459BAF30074A99A /* Debug */ = {
			isa = XCBuildConfiguration;
			buildSettings = {
				ALWAYS_SEARCH_USER_PATHS = NO;
				CLANG_ANALYZER_NONNULL = YES;
				CLANG_ANALYZER_NUMBER_OBJECT_CONVERSION = YES_AGGRESSIVE;
				CLANG_CXX_LANGUAGE_STANDARD = "gnu++14";
				CLANG_CXX_LIBRARY = "libc++";
				CLANG_ENABLE_MODULES = YES;
				CLANG_ENABLE_OBJC_ARC = YES;
				CLANG_ENABLE_OBJC_WEAK = YES;
				CLANG_WARN_BLOCK_CAPTURE_AUTORELEASING = YES;
				CLANG_WARN_BOOL_CONVERSION = YES;
				CLANG_WARN_COMMA = YES;
				CLANG_WARN_CONSTANT_CONVERSION = YES;
				CLANG_WARN_DEPRECATED_OBJC_IMPLEMENTATIONS = YES;
				CLANG_WARN_DIRECT_OBJC_ISA_USAGE = YES_ERROR;
				CLANG_WARN_DOCUMENTATION_COMMENTS = YES;
				CLANG_WARN_EMPTY_BODY = YES;
				CLANG_WARN_ENUM_CONVERSION = YES;
				CLANG_WARN_INFINITE_RECURSION = YES;
				CLANG_WARN_INT_CONVERSION = YES;
				CLANG_WARN_NON_LITERAL_NULL_CONVERSION = YES;
				CLANG_WARN_OBJC_IMPLICIT_RETAIN_SELF = YES;
				CLANG_WARN_OBJC_LITERAL_CONVERSION = YES;
				CLANG_WARN_OBJC_ROOT_CLASS = YES_ERROR;
				CLANG_WARN_RANGE_LOOP_ANALYSIS = YES;
				CLANG_WARN_STRICT_PROTOTYPES = YES;
				CLANG_WARN_SUSPICIOUS_MOVE = YES;
				CLANG_WARN_UNGUARDED_AVAILABILITY = YES_AGGRESSIVE;
				CLANG_WARN_UNREACHABLE_CODE = YES;
				CLANG_WARN__DUPLICATE_METHOD_MATCH = YES;
				COPY_PHASE_STRIP = NO;
				DEBUG_INFORMATION_FORMAT = dwarf;
				ENABLE_STRICT_OBJC_MSGSEND = YES;
				ENABLE_TESTABILITY = YES;
				GCC_C_LANGUAGE_STANDARD = gnu11;
				GCC_DYNAMIC_NO_PIC = NO;
				GCC_NO_COMMON_BLOCKS = YES;
				GCC_OPTIMIZATION_LEVEL = 0;
				GCC_PREPROCESSOR_DEFINITIONS = (
					"DEBUG=1",
					"$(inherited)",
				);
				GCC_WARN_64_TO_32_BIT_CONVERSION = YES;
				GCC_WARN_ABOUT_RETURN_TYPE = YES_ERROR;
				GCC_WARN_UNDECLARED_SELECTOR = YES;
				GCC_WARN_UNINITIALIZED_AUTOS = YES_AGGRESSIVE;
				GCC_WARN_UNUSED_FUNCTION = YES;
				GCC_WARN_UNUSED_VARIABLE = YES;
				IPHONEOS_DEPLOYMENT_TARGET = 13.4;
				MTL_ENABLE_DEBUG_INFO = INCLUDE_SOURCE;
				MTL_FAST_MATH = YES;
				ONLY_ACTIVE_ARCH = YES;
				SDKROOT = iphoneos;
				SWIFT_ACTIVE_COMPILATION_CONDITIONS = DEBUG;
				SWIFT_OPTIMIZATION_LEVEL = "-Onone";
			};
			name = Debug;
		};
		A5700B4A2459BAF30074A99A /* Release */ = {
			isa = XCBuildConfiguration;
			buildSettings = {
				ALWAYS_SEARCH_USER_PATHS = NO;
				CLANG_ANALYZER_NONNULL = YES;
				CLANG_ANALYZER_NUMBER_OBJECT_CONVERSION = YES_AGGRESSIVE;
				CLANG_CXX_LANGUAGE_STANDARD = "gnu++14";
				CLANG_CXX_LIBRARY = "libc++";
				CLANG_ENABLE_MODULES = YES;
				CLANG_ENABLE_OBJC_ARC = YES;
				CLANG_ENABLE_OBJC_WEAK = YES;
				CLANG_WARN_BLOCK_CAPTURE_AUTORELEASING = YES;
				CLANG_WARN_BOOL_CONVERSION = YES;
				CLANG_WARN_COMMA = YES;
				CLANG_WARN_CONSTANT_CONVERSION = YES;
				CLANG_WARN_DEPRECATED_OBJC_IMPLEMENTATIONS = YES;
				CLANG_WARN_DIRECT_OBJC_ISA_USAGE = YES_ERROR;
				CLANG_WARN_DOCUMENTATION_COMMENTS = YES;
				CLANG_WARN_EMPTY_BODY = YES;
				CLANG_WARN_ENUM_CONVERSION = YES;
				CLANG_WARN_INFINITE_RECURSION = YES;
				CLANG_WARN_INT_CONVERSION = YES;
				CLANG_WARN_NON_LITERAL_NULL_CONVERSION = YES;
				CLANG_WARN_OBJC_IMPLICIT_RETAIN_SELF = YES;
				CLANG_WARN_OBJC_LITERAL_CONVERSION = YES;
				CLANG_WARN_OBJC_ROOT_CLASS = YES_ERROR;
				CLANG_WARN_RANGE_LOOP_ANALYSIS = YES;
				CLANG_WARN_STRICT_PROTOTYPES = YES;
				CLANG_WARN_SUSPICIOUS_MOVE = YES;
				CLANG_WARN_UNGUARDED_AVAILABILITY = YES_AGGRESSIVE;
				CLANG_WARN_UNREACHABLE_CODE = YES;
				CLANG_WARN__DUPLICATE_METHOD_MATCH = YES;
				COPY_PHASE_STRIP = NO;
				DEBUG_INFORMATION_FORMAT = "dwarf-with-dsym";
				ENABLE_NS_ASSERTIONS = NO;
				ENABLE_STRICT_OBJC_MSGSEND = YES;
				GCC_C_LANGUAGE_STANDARD = gnu11;
				GCC_NO_COMMON_BLOCKS = YES;
				GCC_WARN_64_TO_32_BIT_CONVERSION = YES;
				GCC_WARN_ABOUT_RETURN_TYPE = YES_ERROR;
				GCC_WARN_UNDECLARED_SELECTOR = YES;
				GCC_WARN_UNINITIALIZED_AUTOS = YES_AGGRESSIVE;
				GCC_WARN_UNUSED_FUNCTION = YES;
				GCC_WARN_UNUSED_VARIABLE = YES;
				IPHONEOS_DEPLOYMENT_TARGET = 13.4;
				MTL_ENABLE_DEBUG_INFO = NO;
				MTL_FAST_MATH = YES;
				SDKROOT = iphoneos;
				SWIFT_COMPILATION_MODE = wholemodule;
				SWIFT_OPTIMIZATION_LEVEL = "-O";
				VALIDATE_PRODUCT = YES;
			};
			name = Release;
		};
		A5700B4C2459BAF30074A99A /* Debug */ = {
			isa = XCBuildConfiguration;
			buildSettings = {
				ASSETCATALOG_COMPILER_APPICON_NAME = AppIcon;
				CODE_SIGN_STYLE = Automatic;
				DEVELOPMENT_ASSET_PATHS = "\"Ten Thousand/Preview Content\"";
				DEVELOPMENT_TEAM = X7WM6K9T24;
				ENABLE_PREVIEWS = YES;
				INFOPLIST_FILE = "Ten Thousand/Supporting Files/Info.plist";
				LD_RUNPATH_SEARCH_PATHS = (
					"$(inherited)",
					"@executable_path/Frameworks",
				);
				PRODUCT_BUNDLE_IDENTIFIER = "MikaelWeiss.Ten-Thousand";
				PRODUCT_NAME = "$(TARGET_NAME)";
				SWIFT_VERSION = 5.0;
				TARGETED_DEVICE_FAMILY = "1,2";
			};
			name = Debug;
		};
		A5700B4D2459BAF30074A99A /* Release */ = {
			isa = XCBuildConfiguration;
			buildSettings = {
				ASSETCATALOG_COMPILER_APPICON_NAME = AppIcon;
				CODE_SIGN_STYLE = Automatic;
				DEVELOPMENT_ASSET_PATHS = "\"Ten Thousand/Preview Content\"";
				DEVELOPMENT_TEAM = X7WM6K9T24;
				ENABLE_PREVIEWS = YES;
				INFOPLIST_FILE = "Ten Thousand/Supporting Files/Info.plist";
				LD_RUNPATH_SEARCH_PATHS = (
					"$(inherited)",
					"@executable_path/Frameworks",
				);
				PRODUCT_BUNDLE_IDENTIFIER = "MikaelWeiss.Ten-Thousand";
				PRODUCT_NAME = "$(TARGET_NAME)";
				SWIFT_VERSION = 5.0;
				TARGETED_DEVICE_FAMILY = "1,2";
			};
			name = Release;
		};
/* End XCBuildConfiguration section */

/* Begin XCConfigurationList section */
		A5700B322459BAF20074A99A /* Build configuration list for PBXProject "Ten Thousand" */ = {
			isa = XCConfigurationList;
			buildConfigurations = (
				A5700B492459BAF30074A99A /* Debug */,
				A5700B4A2459BAF30074A99A /* Release */,
			);
			defaultConfigurationIsVisible = 0;
			defaultConfigurationName = Release;
		};
		A5700B4B2459BAF30074A99A /* Build configuration list for PBXNativeTarget "Ten Thousand" */ = {
			isa = XCConfigurationList;
			buildConfigurations = (
				A5700B4C2459BAF30074A99A /* Debug */,
				A5700B4D2459BAF30074A99A /* Release */,
			);
			defaultConfigurationIsVisible = 0;
			defaultConfigurationName = Release;
		};
/* End XCConfigurationList section */
	};
	rootObject = A5700B2F2459BAF20074A99A /* Project object */;
}
